// !$*UTF8*$!
{
	archiveVersion = 1;
	classes = {
	};
	objectVersion = 50;
	objects = {

/* Begin PBXBuildFile section */
		334B4C322668A58400E8F666 /* Designable.framework in Frameworks */ = {isa = PBXBuildFile; fileRef = 334B4C312668A58400E8F666 /* Designable.framework */; };
		334B4C332668A58400E8F666 /* Designable.framework in Embed Frameworks */ = {isa = PBXBuildFile; fileRef = 334B4C312668A58400E8F666 /* Designable.framework */; settings = {ATTRIBUTES = (CodeSignOnCopy, RemoveHeadersOnCopy, ); }; };
		336B6FAA26688FED0003D72B /* AppAppearanceType.swift in Sources */ = {isa = PBXBuildFile; fileRef = 336B6FA926688FED0003D72B /* AppAppearanceType.swift */; };
		336B6FAE266890270003D72B /* ViewControllerAppearance.swift in Sources */ = {isa = PBXBuildFile; fileRef = 336B6FAD266890270003D72B /* ViewControllerAppearance.swift */; };
		336B6FB12668904A0003D72B /* Appearance.swift in Sources */ = {isa = PBXBuildFile; fileRef = 336B6FB02668904A0003D72B /* Appearance.swift */; };
		336B6FB4266890700003D72B /* Light.swift in Sources */ = {isa = PBXBuildFile; fileRef = 336B6FB3266890700003D72B /* Light.swift */; };
		336B6FB6266890820003D72B /* Dark.swift in Sources */ = {isa = PBXBuildFile; fileRef = 336B6FB5266890820003D72B /* Dark.swift */; };
		336B6FB9266890A90003D72B /* CustomView.swift in Sources */ = {isa = PBXBuildFile; fileRef = 336B6FB8266890A90003D72B /* CustomView.swift */; };
		336B6FBB266890AF0003D72B /* CustomViewAppearance.swift in Sources */ = {isa = PBXBuildFile; fileRef = 336B6FBA266890AF0003D72B /* CustomViewAppearance.swift */; };
		337924AA26677812007674C0 /* AppDelegate.swift in Sources */ = {isa = PBXBuildFile; fileRef = 337924A926677812007674C0 /* AppDelegate.swift */; };
		337924AC26677812007674C0 /* SceneDelegate.swift in Sources */ = {isa = PBXBuildFile; fileRef = 337924AB26677812007674C0 /* SceneDelegate.swift */; };
		337924AE26677812007674C0 /* ViewController.swift in Sources */ = {isa = PBXBuildFile; fileRef = 337924AD26677812007674C0 /* ViewController.swift */; };
		337924B126677812007674C0 /* Main.storyboard in Resources */ = {isa = PBXBuildFile; fileRef = 337924AF26677812007674C0 /* Main.storyboard */; };
		337924B326677813007674C0 /* Assets.xcassets in Resources */ = {isa = PBXBuildFile; fileRef = 337924B226677813007674C0 /* Assets.xcassets */; };
		337924B626677813007674C0 /* LaunchScreen.storyboard in Resources */ = {isa = PBXBuildFile; fileRef = 337924B426677813007674C0 /* LaunchScreen.storyboard */; };
/* End PBXBuildFile section */

/* Begin PBXCopyFilesBuildPhase section */
		334B4C342668A58400E8F666 /* Embed Frameworks */ = {
			isa = PBXCopyFilesBuildPhase;
			buildActionMask = 2147483647;
			dstPath = "";
			dstSubfolderSpec = 10;
			files = (
				334B4C332668A58400E8F666 /* Designable.framework in Embed Frameworks */,
			);
			name = "Embed Frameworks";
			runOnlyForDeploymentPostprocessing = 0;
		};
/* End PBXCopyFilesBuildPhase section */

/* Begin PBXFileReference section */
		334B4C312668A58400E8F666 /* Designable.framework */ = {isa = PBXFileReference; explicitFileType = wrapper.framework; path = Designable.framework; sourceTree = BUILT_PRODUCTS_DIR; };
		336B6FA926688FED0003D72B /* AppAppearanceType.swift */ = {isa = PBXFileReference; lastKnownFileType = sourcecode.swift; path = AppAppearanceType.swift; sourceTree = "<group>"; };
		336B6FAD266890270003D72B /* ViewControllerAppearance.swift */ = {isa = PBXFileReference; lastKnownFileType = sourcecode.swift; path = ViewControllerAppearance.swift; sourceTree = "<group>"; };
		336B6FB02668904A0003D72B /* Appearance.swift */ = {isa = PBXFileReference; lastKnownFileType = sourcecode.swift; path = Appearance.swift; sourceTree = "<group>"; };
		336B6FB3266890700003D72B /* Light.swift */ = {isa = PBXFileReference; lastKnownFileType = sourcecode.swift; path = Light.swift; sourceTree = "<group>"; };
		336B6FB5266890820003D72B /* Dark.swift */ = {isa = PBXFileReference; lastKnownFileType = sourcecode.swift; path = Dark.swift; sourceTree = "<group>"; };
		336B6FB8266890A90003D72B /* CustomView.swift */ = {isa = PBXFileReference; lastKnownFileType = sourcecode.swift; path = CustomView.swift; sourceTree = "<group>"; };
		336B6FBA266890AF0003D72B /* CustomViewAppearance.swift */ = {isa = PBXFileReference; lastKnownFileType = sourcecode.swift; path = CustomViewAppearance.swift; sourceTree = "<group>"; };
		337924A626677812007674C0 /* Example.app */ = {isa = PBXFileReference; explicitFileType = wrapper.application; includeInIndex = 0; path = Example.app; sourceTree = BUILT_PRODUCTS_DIR; };
		337924A926677812007674C0 /* AppDelegate.swift */ = {isa = PBXFileReference; lastKnownFileType = sourcecode.swift; path = AppDelegate.swift; sourceTree = "<group>"; };
		337924AB26677812007674C0 /* SceneDelegate.swift */ = {isa = PBXFileReference; lastKnownFileType = sourcecode.swift; path = SceneDelegate.swift; sourceTree = "<group>"; };
		337924AD26677812007674C0 /* ViewController.swift */ = {isa = PBXFileReference; lastKnownFileType = sourcecode.swift; path = ViewController.swift; sourceTree = "<group>"; };
		337924B026677812007674C0 /* Base */ = {isa = PBXFileReference; lastKnownFileType = file.storyboard; name = Base; path = Base.lproj/Main.storyboard; sourceTree = "<group>"; };
		337924B226677813007674C0 /* Assets.xcassets */ = {isa = PBXFileReference; lastKnownFileType = folder.assetcatalog; path = Assets.xcassets; sourceTree = "<group>"; };
		337924B526677813007674C0 /* Base */ = {isa = PBXFileReference; lastKnownFileType = file.storyboard; name = Base; path = Base.lproj/LaunchScreen.storyboard; sourceTree = "<group>"; };
		337924B726677813007674C0 /* Info.plist */ = {isa = PBXFileReference; lastKnownFileType = text.plist.xml; path = Info.plist; sourceTree = "<group>"; };
/* End PBXFileReference section */

/* Begin PBXFrameworksBuildPhase section */
		337924A326677812007674C0 /* Frameworks */ = {
			isa = PBXFrameworksBuildPhase;
			buildActionMask = 2147483647;
			files = (
				334B4C322668A58400E8F666 /* Designable.framework in Frameworks */,
			);
			runOnlyForDeploymentPostprocessing = 0;
		};
/* End PBXFrameworksBuildPhase section */

/* Begin PBXGroup section */
		334B4C302668A58400E8F666 /* Frameworks */ = {
			isa = PBXGroup;
			children = (
				334B4C312668A58400E8F666 /* Designable.framework */,
			);
			name = Frameworks;
			sourceTree = "<group>";
		};
		336B6FA826688FD40003D72B /* Appearance */ = {
			isa = PBXGroup;
			children = (
				336B6FB22668906C0003D72B /* Types */,
				336B6FA926688FED0003D72B /* AppAppearanceType.swift */,
				336B6FB02668904A0003D72B /* Appearance.swift */,
			);
			path = Appearance;
			sourceTree = "<group>";
		};
		336B6FAB2668900B0003D72B /* ViewController */ = {
			isa = PBXGroup;
			children = (
				337924AD26677812007674C0 /* ViewController.swift */,
				336B6FAD266890270003D72B /* ViewControllerAppearance.swift */,
			);
			path = ViewController;
			sourceTree = "<group>";
		};
		336B6FAC266890110003D72B /* Views */ = {
			isa = PBXGroup;
			children = (
				336B6FB7266890A40003D72B /* CustomView */,
			);
			path = Views;
			sourceTree = "<group>";
		};
		336B6FB22668906C0003D72B /* Types */ = {
			isa = PBXGroup;
			children = (
				336B6FB3266890700003D72B /* Light.swift */,
				336B6FB5266890820003D72B /* Dark.swift */,
			);
			path = Types;
			sourceTree = "<group>";
		};
		336B6FB7266890A40003D72B /* CustomView */ = {
			isa = PBXGroup;
			children = (
				336B6FB8266890A90003D72B /* CustomView.swift */,
				336B6FBA266890AF0003D72B /* CustomViewAppearance.swift */,
			);
			path = CustomView;
			sourceTree = "<group>";
		};
		3379249D26677812007674C0 = {
			isa = PBXGroup;
			children = (
				337924A826677812007674C0 /* Example */,
				337924A726677812007674C0 /* Products */,
				334B4C302668A58400E8F666 /* Frameworks */,
			);
			sourceTree = "<group>";
		};
		337924A726677812007674C0 /* Products */ = {
			isa = PBXGroup;
			children = (
				337924A626677812007674C0 /* Example.app */,
			);
			name = Products;
			sourceTree = "<group>";
		};
		337924A826677812007674C0 /* Example */ = {
			isa = PBXGroup;
			children = (
				336B6FAC266890110003D72B /* Views */,
				336B6FAB2668900B0003D72B /* ViewController */,
				336B6FA826688FD40003D72B /* Appearance */,
				337924A926677812007674C0 /* AppDelegate.swift */,
				337924AB26677812007674C0 /* SceneDelegate.swift */,
				337924AF26677812007674C0 /* Main.storyboard */,
				337924B226677813007674C0 /* Assets.xcassets */,
				337924B426677813007674C0 /* LaunchScreen.storyboard */,
				337924B726677813007674C0 /* Info.plist */,
			);
			path = Example;
			sourceTree = "<group>";
		};
/* End PBXGroup section */

/* Begin PBXNativeTarget section */
		337924A526677812007674C0 /* Example */ = {
			isa = PBXNativeTarget;
			buildConfigurationList = 337924BA26677813007674C0 /* Build configuration list for PBXNativeTarget "Example" */;
			buildPhases = (
				337924A226677812007674C0 /* Sources */,
				337924A326677812007674C0 /* Frameworks */,
				337924A426677812007674C0 /* Resources */,
				334B4C342668A58400E8F666 /* Embed Frameworks */,
			);
			buildRules = (
			);
			dependencies = (
			);
			name = Example;
			productName = Example;
			productReference = 337924A626677812007674C0 /* Example.app */;
			productType = "com.apple.product-type.application";
		};
/* End PBXNativeTarget section */

/* Begin PBXProject section */
		3379249E26677812007674C0 /* Project object */ = {
			isa = PBXProject;
			attributes = {
				LastSwiftUpdateCheck = 1250;
				LastUpgradeCheck = 1250;
				TargetAttributes = {
					337924A526677812007674C0 = {
						CreatedOnToolsVersion = 12.5;
					};
				};
			};
			buildConfigurationList = 337924A126677812007674C0 /* Build configuration list for PBXProject "Example" */;
			compatibilityVersion = "Xcode 9.3";
			developmentRegion = en;
			hasScannedForEncodings = 0;
			knownRegions = (
				en,
				Base,
			);
			mainGroup = 3379249D26677812007674C0;
			productRefGroup = 337924A726677812007674C0 /* Products */;
			projectDirPath = "";
			projectRoot = "";
			targets = (
				337924A526677812007674C0 /* Example */,
			);
		};
/* End PBXProject section */

/* Begin PBXResourcesBuildPhase section */
		337924A426677812007674C0 /* Resources */ = {
			isa = PBXResourcesBuildPhase;
			buildActionMask = 2147483647;
			files = (
				337924B626677813007674C0 /* LaunchScreen.storyboard in Resources */,
				337924B326677813007674C0 /* Assets.xcassets in Resources */,
				337924B126677812007674C0 /* Main.storyboard in Resources */,
			);
			runOnlyForDeploymentPostprocessing = 0;
		};
/* End PBXResourcesBuildPhase section */

/* Begin PBXSourcesBuildPhase section */
		337924A226677812007674C0 /* Sources */ = {
			isa = PBXSourcesBuildPhase;
			buildActionMask = 2147483647;
			files = (
				337924AE26677812007674C0 /* ViewController.swift in Sources */,
				336B6FBB266890AF0003D72B /* CustomViewAppearance.swift in Sources */,
				336B6FB12668904A0003D72B /* Appearance.swift in Sources */,
				336B6FAE266890270003D72B /* ViewControllerAppearance.swift in Sources */,
				336B6FB9266890A90003D72B /* CustomView.swift in Sources */,
				336B6FAA26688FED0003D72B /* AppAppearanceType.swift in Sources */,
				337924AA26677812007674C0 /* AppDelegate.swift in Sources */,
				336B6FB4266890700003D72B /* Light.swift in Sources */,
				337924AC26677812007674C0 /* SceneDelegate.swift in Sources */,
				336B6FB6266890820003D72B /* Dark.swift in Sources */,
			);
			runOnlyForDeploymentPostprocessing = 0;
		};
/* End PBXSourcesBuildPhase section */

/* Begin PBXVariantGroup section */
		337924AF26677812007674C0 /* Main.storyboard */ = {
			isa = PBXVariantGroup;
			children = (
				337924B026677812007674C0 /* Base */,
			);
			name = Main.storyboard;
			sourceTree = "<group>";
		};
		337924B426677813007674C0 /* LaunchScreen.storyboard */ = {
			isa = PBXVariantGroup;
			children = (
				337924B526677813007674C0 /* Base */,
			);
			name = LaunchScreen.storyboard;
			sourceTree = "<group>";
		};
/* End PBXVariantGroup section */

/* Begin XCBuildConfiguration section */
		337924B826677813007674C0 /* Debug */ = {
			isa = XCBuildConfiguration;
			buildSettings = {
				ALWAYS_SEARCH_USER_PATHS = NO;
				CLANG_ANALYZER_NONNULL = YES;
				CLANG_ANALYZER_NUMBER_OBJECT_CONVERSION = YES_AGGRESSIVE;
				CLANG_CXX_LANGUAGE_STANDARD = "gnu++14";
				CLANG_CXX_LIBRARY = "libc++";
				CLANG_ENABLE_MODULES = YES;
				CLANG_ENABLE_OBJC_ARC = YES;
				CLANG_ENABLE_OBJC_WEAK = YES;
				CLANG_WARN_BLOCK_CAPTURE_AUTORELEASING = YES;
				CLANG_WARN_BOOL_CONVERSION = YES;
				CLANG_WARN_COMMA = YES;
				CLANG_WARN_CONSTANT_CONVERSION = YES;
				CLANG_WARN_DEPRECATED_OBJC_IMPLEMENTATIONS = YES;
				CLANG_WARN_DIRECT_OBJC_ISA_USAGE = YES_ERROR;
				CLANG_WARN_DOCUMENTATION_COMMENTS = YES;
				CLANG_WARN_EMPTY_BODY = YES;
				CLANG_WARN_ENUM_CONVERSION = YES;
				CLANG_WARN_INFINITE_RECURSION = YES;
				CLANG_WARN_INT_CONVERSION = YES;
				CLANG_WARN_NON_LITERAL_NULL_CONVERSION = YES;
				CLANG_WARN_OBJC_IMPLICIT_RETAIN_SELF = YES;
				CLANG_WARN_OBJC_LITERAL_CONVERSION = YES;
				CLANG_WARN_OBJC_ROOT_CLASS = YES_ERROR;
				CLANG_WARN_QUOTED_INCLUDE_IN_FRAMEWORK_HEADER = YES;
				CLANG_WARN_RANGE_LOOP_ANALYSIS = YES;
				CLANG_WARN_STRICT_PROTOTYPES = YES;
				CLANG_WARN_SUSPICIOUS_MOVE = YES;
				CLANG_WARN_UNGUARDED_AVAILABILITY = YES_AGGRESSIVE;
				CLANG_WARN_UNREACHABLE_CODE = YES;
				CLANG_WARN__DUPLICATE_METHOD_MATCH = YES;
				COPY_PHASE_STRIP = NO;
				DEBUG_INFORMATION_FORMAT = dwarf;
				ENABLE_STRICT_OBJC_MSGSEND = YES;
				ENABLE_TESTABILITY = YES;
				GCC_C_LANGUAGE_STANDARD = gnu11;
				GCC_DYNAMIC_NO_PIC = NO;
				GCC_NO_COMMON_BLOCKS = YES;
				GCC_OPTIMIZATION_LEVEL = 0;
				GCC_PREPROCESSOR_DEFINITIONS = (
					"DEBUG=1",
					"$(inherited)",
				);
				GCC_WARN_64_TO_32_BIT_CONVERSION = YES;
				GCC_WARN_ABOUT_RETURN_TYPE = YES_ERROR;
				GCC_WARN_UNDECLARED_SELECTOR = YES;
				GCC_WARN_UNINITIALIZED_AUTOS = YES_AGGRESSIVE;
				GCC_WARN_UNUSED_FUNCTION = YES;
				GCC_WARN_UNUSED_VARIABLE = YES;
				IPHONEOS_DEPLOYMENT_TARGET = 14.5;
				MTL_ENABLE_DEBUG_INFO = INCLUDE_SOURCE;
				MTL_FAST_MATH = YES;
				ONLY_ACTIVE_ARCH = YES;
				SDKROOT = iphoneos;
				SWIFT_ACTIVE_COMPILATION_CONDITIONS = DEBUG;
				SWIFT_OPTIMIZATION_LEVEL = "-Onone";
			};
			name = Debug;
		};
		337924B926677813007674C0 /* Release */ = {
			isa = XCBuildConfiguration;
			buildSettings = {
				ALWAYS_SEARCH_USER_PATHS = NO;
				CLANG_ANALYZER_NONNULL = YES;
				CLANG_ANALYZER_NUMBER_OBJECT_CONVERSION = YES_AGGRESSIVE;
				CLANG_CXX_LANGUAGE_STANDARD = "gnu++14";
				CLANG_CXX_LIBRARY = "libc++";
				CLANG_ENABLE_MODULES = YES;
				CLANG_ENABLE_OBJC_ARC = YES;
				CLANG_ENABLE_OBJC_WEAK = YES;
				CLANG_WARN_BLOCK_CAPTURE_AUTORELEASING = YES;
				CLANG_WARN_BOOL_CONVERSION = YES;
				CLANG_WARN_COMMA = YES;
				CLANG_WARN_CONSTANT_CONVERSION = YES;
				CLANG_WARN_DEPRECATED_OBJC_IMPLEMENTATIONS = YES;
				CLANG_WARN_DIRECT_OBJC_ISA_USAGE = YES_ERROR;
				CLANG_WARN_DOCUMENTATION_COMMENTS = YES;
				CLANG_WARN_EMPTY_BODY = YES;
				CLANG_WARN_ENUM_CONVERSION = YES;
				CLANG_WARN_INFINITE_RECURSION = YES;
				CLANG_WARN_INT_CONVERSION = YES;
				CLANG_WARN_NON_LITERAL_NULL_CONVERSION = YES;
				CLANG_WARN_OBJC_IMPLICIT_RETAIN_SELF = YES;
				CLANG_WARN_OBJC_LITERAL_CONVERSION = YES;
				CLANG_WARN_OBJC_ROOT_CLASS = YES_ERROR;
				CLANG_WARN_QUOTED_INCLUDE_IN_FRAMEWORK_HEADER = YES;
				CLANG_WARN_RANGE_LOOP_ANALYSIS = YES;
				CLANG_WARN_STRICT_PROTOTYPES = YES;
				CLANG_WARN_SUSPICIOUS_MOVE = YES;
				CLANG_WARN_UNGUARDED_AVAILABILITY = YES_AGGRESSIVE;
				CLANG_WARN_UNREACHABLE_CODE = YES;
				CLANG_WARN__DUPLICATE_METHOD_MATCH = YES;
				COPY_PHASE_STRIP = NO;
				DEBUG_INFORMATION_FORMAT = "dwarf-with-dsym";
				ENABLE_NS_ASSERTIONS = NO;
				ENABLE_STRICT_OBJC_MSGSEND = YES;
				GCC_C_LANGUAGE_STANDARD = gnu11;
				GCC_NO_COMMON_BLOCKS = YES;
				GCC_WARN_64_TO_32_BIT_CONVERSION = YES;
				GCC_WARN_ABOUT_RETURN_TYPE = YES_ERROR;
				GCC_WARN_UNDECLARED_SELECTOR = YES;
				GCC_WARN_UNINITIALIZED_AUTOS = YES_AGGRESSIVE;
				GCC_WARN_UNUSED_FUNCTION = YES;
				GCC_WARN_UNUSED_VARIABLE = YES;
				IPHONEOS_DEPLOYMENT_TARGET = 14.5;
				MTL_ENABLE_DEBUG_INFO = NO;
				MTL_FAST_MATH = YES;
				SDKROOT = iphoneos;
				SWIFT_COMPILATION_MODE = wholemodule;
				SWIFT_OPTIMIZATION_LEVEL = "-O";
				VALIDATE_PRODUCT = YES;
			};
			name = Release;
		};
		337924BB26677813007674C0 /* Debug */ = {
			isa = XCBuildConfiguration;
			buildSettings = {
				ASSETCATALOG_COMPILER_APPICON_NAME = AppIcon;
				ASSETCATALOG_COMPILER_GLOBAL_ACCENT_COLOR_NAME = AccentColor;
				CODE_SIGN_STYLE = Automatic;
				DEVELOPMENT_TEAM = 7Q8EP54N3L;
				INFOPLIST_FILE = Example/Info.plist;
				IPHONEOS_DEPLOYMENT_TARGET = 13.0;
				LD_RUNPATH_SEARCH_PATHS = (
					"$(inherited)",
					"@executable_path/Frameworks",
				);
				PRODUCT_BUNDLE_IDENTIFIER = com.incetro.Example;
				PRODUCT_NAME = "$(TARGET_NAME)";
				SWIFT_VERSION = 5.0;
				TARGETED_DEVICE_FAMILY = "1,2";
			};
			name = Debug;
		};
		337924BC26677813007674C0 /* Release */ = {
			isa = XCBuildConfiguration;
			buildSettings = {
				ASSETCATALOG_COMPILER_APPICON_NAME = AppIcon;
				ASSETCATALOG_COMPILER_GLOBAL_ACCENT_COLOR_NAME = AccentColor;
				CODE_SIGN_STYLE = Automatic;
				DEVELOPMENT_TEAM = 7Q8EP54N3L;
				INFOPLIST_FILE = Example/Info.plist;
				IPHONEOS_DEPLOYMENT_TARGET = 13.0;
				LD_RUNPATH_SEARCH_PATHS = (
					"$(inherited)",
					"@executable_path/Frameworks",
				);
				PRODUCT_BUNDLE_IDENTIFIER = com.incetro.Example;
				PRODUCT_NAME = "$(TARGET_NAME)";
				SWIFT_VERSION = 5.0;
				TARGETED_DEVICE_FAMILY = "1,2";
			};
			name = Release;
		};
/* End XCBuildConfiguration section */

/* Begin XCConfigurationList section */
		337924A126677812007674C0 /* Build configuration list for PBXProject "Example" */ = {
			isa = XCConfigurationList;
			buildConfigurations = (
				337924B826677813007674C0 /* Debug */,
				337924B926677813007674C0 /* Release */,
			);
			defaultConfigurationIsVisible = 0;
			defaultConfigurationName = Release;
		};
		337924BA26677813007674C0 /* Build configuration list for PBXNativeTarget "Example" */ = {
			isa = XCConfigurationList;
			buildConfigurations = (
				337924BB26677813007674C0 /* Debug */,
				337924BC26677813007674C0 /* Release */,
			);
			defaultConfigurationIsVisible = 0;
			defaultConfigurationName = Release;
		};
/* End XCConfigurationList section */
	};
	rootObject = 3379249E26677812007674C0 /* Project object */;
}
